github.com/tinywasm/css v0.4.2 h1:MeyNteunFSIj5jKh2sbd6qcuRAxcWX8XZ+h2Z22AzXs=
github.com/tinywasm/css v0.4.2/go.mod h1:yEE72kT1GaC67CDvMaqQ62Vq6xNIOjdYAGcxp+qo1pk=
github.com/tinywasm/ddl v0.0.7 h1:CnHcmosdVjpxsOE+GaZbJjatR77gJnXgNR7qixduXAo=
github.com/tinywasm/ddl v0.0.7/go.mod h1:5vpIZEqMD9WHTkK+laq+ckdRDi8uEtzJ5b+1yjyJkZ0=
github.com/tinywasm/dom v0.12.1 h1:ZQWUorsM6AnxfltDC7xAWExo/O3tnQS2E5qNyRlAeQ0=
github.com/tinywasm/dom v0.12.1/go.mod h1:lc8B0WkIOTWmCLCBTtr2g1Om4igOQnGve/xvIZWOrdI=
github.com/tinywasm/events v0.0.2 h1:v9aQnj06ZGXcYVrkdAzDFXTYO5Dv4J8t13IBJNZVDg4=
github.com/tinywasm/events v0.0.2/go.mod h1:ybWdxV/2Vjru9SmT0Oa7O07K/Y7KtxB3f7Z72wt50Ao=
github.com/tinywasm/fmt v0.25.5 h1:2nBU5H1lszhkGIusm7m4S+rGM2rPiIJkhvQqwqN17qo=
github.com/tinywasm/fmt v0.25.5/go.mod h1:2Y4hlsQxqVsZ5z9vQL5XQbEzLQtQOr1Bhp44nPGfydA=
github.com/tinywasm/form v0.3.10 h1:mKvGASXPMz+wgzjmJyYqzuZlvuWdBJWnEf8Vtw4DMGM=
github.com/tinywasm/form v0.3.10/go.mod h1:kGmZQrcy2lx0+fwIoX4aQgqhhPNnSo1XzijjaenVnIE=
github.com/tinywasm/json v0.5.17 h1:yucPs19Tuiy+a+ZdsiqyKR3CyFHjm66W1ZZwCnhmPJk=
github.com/tinywasm/json v0.5.17/go.mod h1:2DE5+HKkqAvoGFYAhoZQX1ogCXQtrukGdwxYNVtigAY=
github.com/tinywasm/model v0.1.2 h1:CsSwyLFKk53XtFVg63H3StMRD4kwdPgxhd7p5b1pxtQ=
github.com/tinywasm/model v0.1.2/go.mod h1:Cx/RTzSOH/DM2DtP6JqdhIRTDlf31EstTV5Y0RSp/dg=
github.com/tinywasm/orm v0.11.4 h1:F0hArRvs3l96ew1a2i1zMPhSTKXKuYidXbSJatFu/58=
github.com/tinywasm/orm v0.11.4/go.mod h1:AXZ5UYIZZXXdLoa7nge/r8FOLtXCgCAtk2SNfjHOoUA=
github.com/tinywasm/router v0.1.19 h1:MC5vh+9FoQ8aildUn8t0M2MmDUs/AEsY5eBfzJ2DApk=
github.com/tinywasm/router v0.1.19/go.mod h1:dyNvyFC1GXhzDAL5jtRxiDGQyGGpRjHHH1Ceowwd34U=
github.com/tinywasm/storage v0.0.2-0.20260717121821-7e528006807f h1:pUgAGvJFbNcBjRscHmA15A8AbdCinZ8wp8AzsOs/tz8=
github.com/tinywasm/storage v0.0.2-0.20260717121821-7e528006807f/go.mod h1:mF48cBANp2vWkgj2EbpurNY5QY4fYqpCTwbNaaLM5Ic=
github.com/tinywasm/time v0.5.0 h1:M17DNgKrMYfkCK42V6miL9AcwfN/FHghbKOSTXJrkMo=
github.com/tinywasm/time v0.5.0/go.mod h1:vxGAkKA40im4ObiTS6hcsJYiIsVVLSz/A63JC/+TwvA=
github.com/tinywasm/view v0.1.12 h1:xYaekCPbV1NaHWAEhAwll9qJ7NIcpNFxJMRm5lOMbLM=
github.com/tinywasm/view v0.1.12/go.mod h1:kWRy9lSqjsgulsVEIjgYjjQA/WlFhEAr+jfDLx70X+A=
github.com/tinywasm/widget v0.5.1 h1:gss8se85bztnZLHTo+8+msd8bfxcF0HJb+e1zl6ncYs=
github.com/tinywasm/widget v0.5.1/go.mod h1:QaByW/bmIzBpv6s5J/2+l5vsqZDwKgr/6Yktyu3gzrk=
