github.com/tinywasm/css v0.1.2 h1:uHo47WjORHJcwb0+kn9g9iHajR0TLuWK8ot6O+NR54k=
github.com/tinywasm/css v0.1.2/go.mod h1:8Vio+yx+M8T+cjMUszJeaU1jB+icFrenoa3iGML/G+o=
github.com/tinywasm/dom v0.10.1 h1:sqgLMTsX6BXHc+8uh+78C9pusn3j5/60msqBHmCPIR4=
github.com/tinywasm/dom v0.10.1/go.mod h1:5wey9MA4V9Ob6VX2JRkzTeBLVEX6w594zkcOzu26ac8=
github.com/tinywasm/fmt v0.24.0 h1:XH2IofX80pMr4NFgt4KS6Ho0g2m55gPWw9cCfILd6BI=
github.com/tinywasm/fmt v0.24.0/go.mod h1:L2GCAi6asgytPV6TVvGrRq5Ml+DkUt1Ijo5i/2J1jOY=
github.com/tinywasm/html v0.0.3 h1:hjhBUfXKpHmGW7rk9wjARoeXEZ6cSeVK/e32V36B9kQ=
github.com/tinywasm/html v0.0.3/go.mod h1:FmIHaRlJ85wYzWCfJkC+BKaJ6DE//Ek+JX3aTjFNGY0=
github.com/tinywasm/orm v0.8.0 h1:Rhn5IEKcDQcVQxtJFu7J16Yylx3ZZCL+2Y33zrGXmtQ=
github.com/tinywasm/orm v0.8.0/go.mod h1:Eo7yWIKlNVREsPQ0HlMUuQ3Lx+Pe95xZJFb2/RMK9XA=
github.com/tinywasm/time v0.5.0 h1:M17DNgKrMYfkCK42V6miL9AcwfN/FHghbKOSTXJrkMo=
github.com/tinywasm/time v0.5.0/go.mod h1:vxGAkKA40im4ObiTS6hcsJYiIsVVLSz/A63JC/+TwvA=
github.com/tinywasm/unixid v0.2.23 h1:Lp/TER0RwbaT7EcHbQNzXj9LOGA2VD8rC8XLYmxJBc0=
github.com/tinywasm/unixid v0.2.23/go.mod h1:5KPbI26CrW8S7rgMS46gqlLKTYPno3QH49GSB5NSLMU=
